// !$*UTF8*$!
{
	archiveVersion = 1;
	classes = {
	};
	objectVersion = 56;
	objects = {

/* Begin PBXBuildFile section */
		6F6D29732C0DC19800D1AF08 /* ToDoListAppTravisApp.swift in Sources */ = {isa = PBXBuildFile; fileRef = 6F6D29722C0DC19800D1AF08 /* ToDoListAppTravisApp.swift */; };
		6F6D29752C0DC19800D1AF08 /* ContentView.swift in Sources */ = {isa = PBXBuildFile; fileRef = 6F6D29742C0DC19800D1AF08 /* ContentView.swift */; };
		6F6D29772C0DC19E00D1AF08 /* Assets.xcassets in Resources */ = {isa = PBXBuildFile; fileRef = 6F6D29762C0DC19E00D1AF08 /* Assets.xcassets */; };
		6F6D297A2C0DC19E00D1AF08 /* Preview Assets.xcassets in Resources */ = {isa = PBXBuildFile; fileRef = 6F6D29792C0DC19E00D1AF08 /* Preview Assets.xcassets */; };
		6F6D29842C0DC19F00D1AF08 /* ToDoListAppTravisTests.swift in Sources */ = {isa = PBXBuildFile; fileRef = 6F6D29832C0DC19F00D1AF08 /* ToDoListAppTravisTests.swift */; };
		6F6D298E2C0DC19F00D1AF08 /* ToDoListAppTravisUITests.swift in Sources */ = {isa = PBXBuildFile; fileRef = 6F6D298D2C0DC19F00D1AF08 /* ToDoListAppTravisUITests.swift */; };
		6F6D29902C0DC19F00D1AF08 /* ToDoListAppTravisUITestsLaunchTests.swift in Sources */ = {isa = PBXBuildFile; fileRef = 6F6D298F2C0DC19F00D1AF08 /* ToDoListAppTravisUITestsLaunchTests.swift */; };
/* End PBXBuildFile section */

/* Begin PBXContainerItemProxy section */
		6F6D29802C0DC19F00D1AF08 /* PBXContainerItemProxy */ = {
			isa = PBXContainerItemProxy;
			containerPortal = 6F6D29672C0DC19800D1AF08 /* Project object */;
			proxyType = 1;
			remoteGlobalIDString = 6F6D296E2C0DC19800D1AF08;
			remoteInfo = ToDoListAppTravis;
		};
		6F6D298A2C0DC19F00D1AF08 /* PBXContainerItemProxy */ = {
			isa = PBXContainerItemProxy;
			containerPortal = 6F6D29672C0DC19800D1AF08 /* Project object */;
			proxyType = 1;
			remoteGlobalIDString = 6F6D296E2C0DC19800D1AF08;
			remoteInfo = ToDoListAppTravis;
		};
/* End PBXContainerItemProxy section */

/* Begin PBXFileReference section */
		6F6D296F2C0DC19800D1AF08 /* ToDoListAppTravis.app */ = {isa = PBXFileReference; explicitFileType = wrapper.application; includeInIndex = 0; path = ToDoListAppTravis.app; sourceTree = BUILT_PRODUCTS_DIR; };
		6F6D29722C0DC19800D1AF08 /* ToDoListAppTravisApp.swift */ = {isa = PBXFileReference; lastKnownFileType = sourcecode.swift; path = ToDoListAppTravisApp.swift; sourceTree = "<group>"; };
		6F6D29742C0DC19800D1AF08 /* ContentView.swift */ = {isa = PBXFileReference; lastKnownFileType = sourcecode.swift; path = ContentView.swift; sourceTree = "<group>"; };
		6F6D29762C0DC19E00D1AF08 /* Assets.xcassets */ = {isa = PBXFileReference; lastKnownFileType = folder.assetcatalog; path = Assets.xcassets; sourceTree = "<group>"; };
		6F6D29792C0DC19E00D1AF08 /* Preview Assets.xcassets */ = {isa = PBXFileReference; lastKnownFileType = folder.assetcatalog; path = "Preview Assets.xcassets"; sourceTree = "<group>"; };
		6F6D297F2C0DC19F00D1AF08 /* ToDoListAppTravisTests.xctest */ = {isa = PBXFileReference; explicitFileType = wrapper.cfbundle; includeInIndex = 0; path = ToDoListAppTravisTests.xctest; sourceTree = BUILT_PRODUCTS_DIR; };
		6F6D29832C0DC19F00D1AF08 /* ToDoListAppTravisTests.swift */ = {isa = PBXFileReference; lastKnownFileType = sourcecode.swift; path = ToDoListAppTravisTests.swift; sourceTree = "<group>"; };
		6F6D29892C0DC19F00D1AF08 /* ToDoListAppTravisUITests.xctest */ = {isa = PBXFileReference; explicitFileType = wrapper.cfbundle; includeInIndex = 0; path = ToDoListAppTravisUITests.xctest; sourceTree = BUILT_PRODUCTS_DIR; };
		6F6D298D2C0DC19F00D1AF08 /* ToDoListAppTravisUITests.swift */ = {isa = PBXFileReference; lastKnownFileType = sourcecode.swift; path = ToDoListAppTravisUITests.swift; sourceTree = "<group>"; };
		6F6D298F2C0DC19F00D1AF08 /* ToDoListAppTravisUITestsLaunchTests.swift */ = {isa = PBXFileReference; lastKnownFileType = sourcecode.swift; path = ToDoListAppTravisUITestsLaunchTests.swift; sourceTree = "<group>"; };
/* End PBXFileReference section */

/* Begin PBXFrameworksBuildPhase section */
		6F6D296C2C0DC19800D1AF08 /* Frameworks */ = {
			isa = PBXFrameworksBuildPhase;
			buildActionMask = 2147483647;
			files = (
			);
			runOnlyForDeploymentPostprocessing = 0;
		};
		6F6D297C2C0DC19F00D1AF08 /* Frameworks */ = {
			isa = PBXFrameworksBuildPhase;
			buildActionMask = 2147483647;
			files = (
			);
			runOnlyForDeploymentPostprocessing = 0;
		};
		6F6D29862C0DC19F00D1AF08 /* Frameworks */ = {
			isa = PBXFrameworksBuildPhase;
			buildActionMask = 2147483647;
			files = (
			);
			runOnlyForDeploymentPostprocessing = 0;
		};
/* End PBXFrameworksBuildPhase section */

/* Begin PBXGroup section */
		6F6D29662C0DC19800D1AF08 = {
			isa = PBXGroup;
			children = (
				6F6D29712C0DC19800D1AF08 /* ToDoListAppTravis */,
				6F6D29822C0DC19F00D1AF08 /* ToDoListAppTravisTests */,
				6F6D298C2C0DC19F00D1AF08 /* ToDoListAppTravisUITests */,
				6F6D29702C0DC19800D1AF08 /* Products */,
			);
			sourceTree = "<group>";
		};
		6F6D29702C0DC19800D1AF08 /* Products */ = {
			isa = PBXGroup;
			children = (
				6F6D296F2C0DC19800D1AF08 /* ToDoListAppTravis.app */,
				6F6D297F2C0DC19F00D1AF08 /* ToDoListAppTravisTests.xctest */,
				6F6D29892C0DC19F00D1AF08 /* ToDoListAppTravisUITests.xctest */,
			);
			name = Products;
			sourceTree = "<group>";
		};
		6F6D29712C0DC19800D1AF08 /* ToDoListAppTravis */ = {
			isa = PBXGroup;
			children = (
				6F6D29722C0DC19800D1AF08 /* ToDoListAppTravisApp.swift */,
				6F6D29742C0DC19800D1AF08 /* ContentView.swift */,
				6F6D29762C0DC19E00D1AF08 /* Assets.xcassets */,
				6F6D29782C0DC19E00D1AF08 /* Preview Content */,
			);
			path = ToDoListAppTravis;
			sourceTree = "<group>";
		};
		6F6D29782C0DC19E00D1AF08 /* Preview Content */ = {
			isa = PBXGroup;
			children = (
				6F6D29792C0DC19E00D1AF08 /* Preview Assets.xcassets */,
			);
			path = "Preview Content";
			sourceTree = "<group>";
		};
		6F6D29822C0DC19F00D1AF08 /* ToDoListAppTravisTests */ = {
			isa = PBXGroup;
			children = (
				6F6D29832C0DC19F00D1AF08 /* ToDoListAppTravisTests.swift */,
			);
			path = ToDoListAppTravisTests;
			sourceTree = "<group>";
		};
		6F6D298C2C0DC19F00D1AF08 /* ToDoListAppTravisUITests */ = {
			isa = PBXGroup;
			children = (
				6F6D298D2C0DC19F00D1AF08 /* ToDoListAppTravisUITests.swift */,
				6F6D298F2C0DC19F00D1AF08 /* ToDoListAppTravisUITestsLaunchTests.swift */,
			);
			path = ToDoListAppTravisUITests;
			sourceTree = "<group>";
		};
/* End PBXGroup section */

/* Begin PBXNativeTarget section */
		6F6D296E2C0DC19800D1AF08 /* ToDoListAppTravis */ = {
			isa = PBXNativeTarget;
			buildConfigurationList = 6F6D29932C0DC19F00D1AF08 /* Build configuration list for PBXNativeTarget "ToDoListAppTravis" */;
			buildPhases = (
				6F6D296B2C0DC19800D1AF08 /* Sources */,
				6F6D296C2C0DC19800D1AF08 /* Frameworks */,
				6F6D296D2C0DC19800D1AF08 /* Resources */,
			);
			buildRules = (
			);
			dependencies = (
			);
			name = ToDoListAppTravis;
			productName = ToDoListAppTravis;
			productReference = 6F6D296F2C0DC19800D1AF08 /* ToDoListAppTravis.app */;
			productType = "com.apple.product-type.application";
		};
		6F6D297E2C0DC19F00D1AF08 /* ToDoListAppTravisTests */ = {
			isa = PBXNativeTarget;
			buildConfigurationList = 6F6D29962C0DC19F00D1AF08 /* Build configuration list for PBXNativeTarget "ToDoListAppTravisTests" */;
			buildPhases = (
				6F6D297B2C0DC19F00D1AF08 /* Sources */,
				6F6D297C2C0DC19F00D1AF08 /* Frameworks */,
				6F6D297D2C0DC19F00D1AF08 /* Resources */,
			);
			buildRules = (
			);
			dependencies = (
				6F6D29812C0DC19F00D1AF08 /* PBXTargetDependency */,
			);
			name = ToDoListAppTravisTests;
			productName = ToDoListAppTravisTests;
			productReference = 6F6D297F2C0DC19F00D1AF08 /* ToDoListAppTravisTests.xctest */;
			productType = "com.apple.product-type.bundle.unit-test";
		};
		6F6D29882C0DC19F00D1AF08 /* ToDoListAppTravisUITests */ = {
			isa = PBXNativeTarget;
			buildConfigurationList = 6F6D29992C0DC19F00D1AF08 /* Build configuration list for PBXNativeTarget "ToDoListAppTravisUITests" */;
			buildPhases = (
				6F6D29852C0DC19F00D1AF08 /* Sources */,
				6F6D29862C0DC19F00D1AF08 /* Frameworks */,
				6F6D29872C0DC19F00D1AF08 /* Resources */,
			);
			buildRules = (
			);
			dependencies = (
				6F6D298B2C0DC19F00D1AF08 /* PBXTargetDependency */,
			);
			name = ToDoListAppTravisUITests;
			productName = ToDoListAppTravisUITests;
			productReference = 6F6D29892C0DC19F00D1AF08 /* ToDoListAppTravisUITests.xctest */;
			productType = "com.apple.product-type.bundle.ui-testing";
		};
/* End PBXNativeTarget section */

/* Begin PBXProject section */
		6F6D29672C0DC19800D1AF08 /* Project object */ = {
			isa = PBXProject;
			attributes = {
				BuildIndependentTargetsInParallel = 1;
				LastSwiftUpdateCheck = 1540;
				LastUpgradeCheck = 1540;
				TargetAttributes = {
					6F6D296E2C0DC19800D1AF08 = {
						CreatedOnToolsVersion = 15.4;
					};
					6F6D297E2C0DC19F00D1AF08 = {
						CreatedOnToolsVersion = 15.4;
						TestTargetID = 6F6D296E2C0DC19800D1AF08;
					};
					6F6D29882C0DC19F00D1AF08 = {
						CreatedOnToolsVersion = 15.4;
						TestTargetID = 6F6D296E2C0DC19800D1AF08;
					};
				};
			};
			buildConfigurationList = 6F6D296A2C0DC19800D1AF08 /* Build configuration list for PBXProject "ToDoListAppTravis" */;
			compatibilityVersion = "Xcode 14.0";
			developmentRegion = en;
			hasScannedForEncodings = 0;
			knownRegions = (
				en,
				Base,
			);
			mainGroup = 6F6D29662C0DC19800D1AF08;
			productRefGroup = 6F6D29702C0DC19800D1AF08 /* Products */;
			projectDirPath = "";
			projectRoot = "";
			targets = (
				6F6D296E2C0DC19800D1AF08 /* ToDoListAppTravis */,
				6F6D297E2C0DC19F00D1AF08 /* ToDoListAppTravisTests */,
				6F6D29882C0DC19F00D1AF08 /* ToDoListAppTravisUITests */,
			);
		};
/* End PBXProject section */

/* Begin PBXResourcesBuildPhase section */
		6F6D296D2C0DC19800D1AF08 /* Resources */ = {
			isa = PBXResourcesBuildPhase;
			buildActionMask = 2147483647;
			files = (
				6F6D297A2C0DC19E00D1AF08 /* Preview Assets.xcassets in Resources */,
				6F6D29772C0DC19E00D1AF08 /* Assets.xcassets in Resources */,
			);
			runOnlyForDeploymentPostprocessing = 0;
		};
		6F6D297D2C0DC19F00D1AF08 /* Resources */ = {
			isa = PBXResourcesBuildPhase;
			buildActionMask = 2147483647;
			files = (
			);
			runOnlyForDeploymentPostprocessing = 0;
		};
		6F6D29872C0DC19F00D1AF08 /* Resources */ = {
			isa = PBXResourcesBuildPhase;
			buildActionMask = 2147483647;
			files = (
			);
			runOnlyForDeploymentPostprocessing = 0;
		};
/* End PBXResourcesBuildPhase section */

/* Begin PBXSourcesBuildPhase section */
		6F6D296B2C0DC19800D1AF08 /* Sources */ = {
			isa = PBXSourcesBuildPhase;
			buildActionMask = 2147483647;
			files = (
				6F6D29752C0DC19800D1AF08 /* ContentView.swift in Sources */,
				6F6D29732C0DC19800D1AF08 /* ToDoListAppTravisApp.swift in Sources */,
			);
			runOnlyForDeploymentPostprocessing = 0;
		};
		6F6D297B2C0DC19F00D1AF08 /* Sources */ = {
			isa = PBXSourcesBuildPhase;
			buildActionMask = 2147483647;
			files = (
				6F6D29842C0DC19F00D1AF08 /* ToDoListAppTravisTests.swift in Sources */,
			);
			runOnlyForDeploymentPostprocessing = 0;
		};
		6F6D29852C0DC19F00D1AF08 /* Sources */ = {
			isa = PBXSourcesBuildPhase;
			buildActionMask = 2147483647;
			files = (
				6F6D298E2C0DC19F00D1AF08 /* ToDoListAppTravisUITests.swift in Sources */,
				6F6D29902C0DC19F00D1AF08 /* ToDoListAppTravisUITestsLaunchTests.swift in Sources */,
			);
			runOnlyForDeploymentPostprocessing = 0;
		};
/* End PBXSourcesBuildPhase section */

/* Begin PBXTargetDependency section */
		6F6D29812C0DC19F00D1AF08 /* PBXTargetDependency */ = {
			isa = PBXTargetDependency;
			target = 6F6D296E2C0DC19800D1AF08 /* ToDoListAppTravis */;
			targetProxy = 6F6D29802C0DC19F00D1AF08 /* PBXContainerItemProxy */;
		};
		6F6D298B2C0DC19F00D1AF08 /* PBXTargetDependency */ = {
			isa = PBXTargetDependency;
			target = 6F6D296E2C0DC19800D1AF08 /* ToDoListAppTravis */;
			targetProxy = 6F6D298A2C0DC19F00D1AF08 /* PBXContainerItemProxy */;
		};
/* End PBXTargetDependency section */

/* Begin XCBuildConfiguration section */
		6F6D29912C0DC19F00D1AF08 /* Debug */ = {
			isa = XCBuildConfiguration;
			buildSettings = {
				ALWAYS_SEARCH_USER_PATHS = NO;
				ASSETCATALOG_COMPILER_GENERATE_SWIFT_ASSET_SYMBOL_EXTENSIONS = YES;
				CLANG_ANALYZER_NONNULL = YES;
				CLANG_ANALYZER_NUMBER_OBJECT_CONVERSION = YES_AGGRESSIVE;
				CLANG_CXX_LANGUAGE_STANDARD = "gnu++20";
				CLANG_ENABLE_MODULES = YES;
				CLANG_ENABLE_OBJC_ARC = YES;
				CLANG_ENABLE_OBJC_WEAK = YES;
				CLANG_WARN_BLOCK_CAPTURE_AUTORELEASING = YES;
				CLANG_WARN_BOOL_CONVERSION = YES;
				CLANG_WARN_COMMA = YES;
				CLANG_WARN_CONSTANT_CONVERSION = YES;
				CLANG_WARN_DEPRECATED_OBJC_IMPLEMENTATIONS = YES;
				CLANG_WARN_DIRECT_OBJC_ISA_USAGE = YES_ERROR;
				CLANG_WARN_DOCUMENTATION_COMMENTS = YES;
				CLANG_WARN_EMPTY_BODY = YES;
				CLANG_WARN_ENUM_CONVERSION = YES;
				CLANG_WARN_INFINITE_RECURSION = YES;
				CLANG_WARN_INT_CONVERSION = YES;
				CLANG_WARN_NON_LITERAL_NULL_CONVERSION = YES;
				CLANG_WARN_OBJC_IMPLICIT_RETAIN_SELF = YES;
				CLANG_WARN_OBJC_LITERAL_CONVERSION = YES;
				CLANG_WARN_OBJC_ROOT_CLASS = YES_ERROR;
				CLANG_WARN_QUOTED_INCLUDE_IN_FRAMEWORK_HEADER = YES;
				CLANG_WARN_RANGE_LOOP_ANALYSIS = YES;
				CLANG_WARN_STRICT_PROTOTYPES = YES;
				CLANG_WARN_SUSPICIOUS_MOVE = YES;
				CLANG_WARN_UNGUARDED_AVAILABILITY = YES_AGGRESSIVE;
				CLANG_WARN_UNREACHABLE_CODE = YES;
				CLANG_WARN__DUPLICATE_METHOD_MATCH = YES;
				COPY_PHASE_STRIP = NO;
				DEBUG_INFORMATION_FORMAT = dwarf;
				ENABLE_STRICT_OBJC_MSGSEND = YES;
				ENABLE_TESTABILITY = YES;
				ENABLE_USER_SCRIPT_SANDBOXING = YES;
				GCC_C_LANGUAGE_STANDARD = gnu17;
				GCC_DYNAMIC_NO_PIC = NO;
				GCC_NO_COMMON_BLOCKS = YES;
				GCC_OPTIMIZATION_LEVEL = 0;
				GCC_PREPROCESSOR_DEFINITIONS = (
					"DEBUG=1",
					"$(inherited)",
				);
				GCC_WARN_64_TO_32_BIT_CONVERSION = YES;
				GCC_WARN_ABOUT_RETURN_TYPE = YES_ERROR;
				GCC_WARN_UNDECLARED_SELECTOR = YES;
				GCC_WARN_UNINITIALIZED_AUTOS = YES_AGGRESSIVE;
				GCC_WARN_UNUSED_FUNCTION = YES;
				GCC_WARN_UNUSED_VARIABLE = YES;
				IPHONEOS_DEPLOYMENT_TARGET = 15.0;
				LOCALIZATION_PREFERS_STRING_CATALOGS = YES;
				MTL_ENABLE_DEBUG_INFO = INCLUDE_SOURCE;
				MTL_FAST_MATH = YES;
				ONLY_ACTIVE_ARCH = YES;
				SDKROOT = iphoneos;
				SWIFT_ACTIVE_COMPILATION_CONDITIONS = "DEBUG $(inherited)";
				SWIFT_OPTIMIZATION_LEVEL = "-Onone";
			};
			name = Debug;
		};
		6F6D29922C0DC19F00D1AF08 /* Release */ = {
			isa = XCBuildConfiguration;
			buildSettings = {
				ALWAYS_SEARCH_USER_PATHS = NO;
				ASSETCATALOG_COMPILER_GENERATE_SWIFT_ASSET_SYMBOL_EXTENSIONS = YES;
				CLANG_ANALYZER_NONNULL = YES;
				CLANG_ANALYZER_NUMBER_OBJECT_CONVERSION = YES_AGGRESSIVE;
				CLANG_CXX_LANGUAGE_STANDARD = "gnu++20";
				CLANG_ENABLE_MODULES = YES;
				CLANG_ENABLE_OBJC_ARC = YES;
				CLANG_ENABLE_OBJC_WEAK = YES;
				CLANG_WARN_BLOCK_CAPTURE_AUTORELEASING = YES;
				CLANG_WARN_BOOL_CONVERSION = YES;
				CLANG_WARN_COMMA = YES;
				CLANG_WARN_CONSTANT_CONVERSION = YES;
				CLANG_WARN_DEPRECATED_OBJC_IMPLEMENTATIONS = YES;
				CLANG_WARN_DIRECT_OBJC_ISA_USAGE = YES_ERROR;
				CLANG_WARN_DOCUMENTATION_COMMENTS = YES;
				CLANG_WARN_EMPTY_BODY = YES;
				CLANG_WARN_ENUM_CONVERSION = YES;
				CLANG_WARN_INFINITE_RECURSION = YES;
				CLANG_WARN_INT_CONVERSION = YES;
				CLANG_WARN_NON_LITERAL_NULL_CONVERSION = YES;
				CLANG_WARN_OBJC_IMPLICIT_RETAIN_SELF = YES;
				CLANG_WARN_OBJC_LITERAL_CONVERSION = YES;
				CLANG_WARN_OBJC_ROOT_CLASS = YES_ERROR;
				CLANG_WARN_QUOTED_INCLUDE_IN_FRAMEWORK_HEADER = YES;
				CLANG_WARN_RANGE_LOOP_ANALYSIS = YES;
				CLANG_WARN_STRICT_PROTOTYPES = YES;
				CLANG_WARN_SUSPICIOUS_MOVE = YES;
				CLANG_WARN_UNGUARDED_AVAILABILITY = YES_AGGRESSIVE;
				CLANG_WARN_UNREACHABLE_CODE = YES;
				CLANG_WARN__DUPLICATE_METHOD_MATCH = YES;
				COPY_PHASE_STRIP = NO;
				DEBUG_INFORMATION_FORMAT = "dwarf-with-dsym";
				ENABLE_NS_ASSERTIONS = NO;
				ENABLE_STRICT_OBJC_MSGSEND = YES;
				ENABLE_USER_SCRIPT_SANDBOXING = YES;
				GCC_C_LANGUAGE_STANDARD = gnu17;
				GCC_NO_COMMON_BLOCKS = YES;
				GCC_WARN_64_TO_32_BIT_CONVERSION = YES;
				GCC_WARN_ABOUT_RETURN_TYPE = YES_ERROR;
				GCC_WARN_UNDECLARED_SELECTOR = YES;
				GCC_WARN_UNINITIALIZED_AUTOS = YES_AGGRESSIVE;
				GCC_WARN_UNUSED_FUNCTION = YES;
				GCC_WARN_UNUSED_VARIABLE = YES;
				IPHONEOS_DEPLOYMENT_TARGET = 15.0;
				LOCALIZATION_PREFERS_STRING_CATALOGS = YES;
				MTL_ENABLE_DEBUG_INFO = NO;
				MTL_FAST_MATH = YES;
				SDKROOT = iphoneos;
				SWIFT_COMPILATION_MODE = wholemodule;
				VALIDATE_PRODUCT = YES;
			};
			name = Release;
		};
		6F6D29942C0DC19F00D1AF08 /* Debug */ = {
			isa = XCBuildConfiguration;
			buildSettings = {
				ASSETCATALOG_COMPILER_APPICON_NAME = AppIcon;
				ASSETCATALOG_COMPILER_GLOBAL_ACCENT_COLOR_NAME = AccentColor;
				CODE_SIGN_STYLE = Automatic;
				CURRENT_PROJECT_VERSION = 1;
				DEVELOPMENT_ASSET_PATHS = "\"ToDoListAppTravis/Preview Content\"";
				DEVELOPMENT_TEAM = AGWB7KKVDY;
				ENABLE_PREVIEWS = YES;
				GENERATE_INFOPLIST_FILE = YES;
				INFOPLIST_KEY_UIApplicationSceneManifest_Generation = YES;
				INFOPLIST_KEY_UIApplicationSupportsIndirectInputEvents = YES;
				INFOPLIST_KEY_UILaunchScreen_Generation = YES;
				INFOPLIST_KEY_UISupportedInterfaceOrientations_iPad = "UIInterfaceOrientationPortrait UIInterfaceOrientationPortraitUpsideDown UIInterfaceOrientationLandscapeLeft UIInterfaceOrientationLandscapeRight";
				INFOPLIST_KEY_UISupportedInterfaceOrientations_iPhone = "UIInterfaceOrientationPortrait UIInterfaceOrientationLandscapeLeft UIInterfaceOrientationLandscapeRight";
				LD_RUNPATH_SEARCH_PATHS = (
					"$(inherited)",
					"@executable_path/Frameworks",
				);
				MARKETING_VERSION = 1.0;
				PRODUCT_BUNDLE_IDENTIFIER = "hofabi8-faho.ToDoListAppTravis";
				PRODUCT_NAME = "$(TARGET_NAME)";
				SWIFT_EMIT_LOC_STRINGS = YES;
				SWIFT_VERSION = 5.0;
				TARGETED_DEVICE_FAMILY = "1,2";
			};
			name = Debug;
		};
		6F6D29952C0DC19F00D1AF08 /* Release */ = {
			isa = XCBuildConfiguration;
			buildSettings = {
				ASSETCATALOG_COMPILER_APPICON_NAME = AppIcon;
				ASSETCATALOG_COMPILER_GLOBAL_ACCENT_COLOR_NAME = AccentColor;
				CODE_SIGN_STYLE = Automatic;
				CURRENT_PROJECT_VERSION = 1;
				DEVELOPMENT_ASSET_PATHS = "\"ToDoListAppTravis/Preview Content\"";
				DEVELOPMENT_TEAM = AGWB7KKVDY;
				ENABLE_PREVIEWS = YES;
				GENERATE_INFOPLIST_FILE = YES;
				INFOPLIST_KEY_UIApplicationSceneManifest_Generation = YES;
				INFOPLIST_KEY_UIApplicationSupportsIndirectInputEvents = YES;
				INFOPLIST_KEY_UILaunchScreen_Generation = YES;
				INFOPLIST_KEY_UISupportedInterfaceOrientations_iPad = "UIInterfaceOrientationPortrait UIInterfaceOrientationPortraitUpsideDown UIInterfaceOrientationLandscapeLeft UIInterfaceOrientationLandscapeRight";
				INFOPLIST_KEY_UISupportedInterfaceOrientations_iPhone = "UIInterfaceOrientationPortrait UIInterfaceOrientationLandscapeLeft UIInterfaceOrientationLandscapeRight";
				LD_RUNPATH_SEARCH_PATHS = (
					"$(inherited)",
					"@executable_path/Frameworks",
				);
				MARKETING_VERSION = 1.0;
				PRODUCT_BUNDLE_IDENTIFIER = "hofabi8-faho.ToDoListAppTravis";
				PRODUCT_NAME = "$(TARGET_NAME)";
				SWIFT_EMIT_LOC_STRINGS = YES;
				SWIFT_VERSION = 5.0;
				TARGETED_DEVICE_FAMILY = "1,2";
			};
			name = Release;
		};
		6F6D29972C0DC19F00D1AF08 /* Debug */ = {
			isa = XCBuildConfiguration;
			buildSettings = {
				ALWAYS_EMBED_SWIFT_STANDARD_LIBRARIES = YES;
				BUNDLE_LOADER = "$(TEST_HOST)";
				CODE_SIGN_STYLE = Automatic;
				CURRENT_PROJECT_VERSION = 1;
				DEVELOPMENT_TEAM = AGWB7KKVDY;
				GENERATE_INFOPLIST_FILE = YES;
				IPHONEOS_DEPLOYMENT_TARGET = 15.0;
				MARKETING_VERSION = 1.0;
				PRODUCT_BUNDLE_IDENTIFIER = "hofabi8-faho.ToDoListAppTravisTests";
				PRODUCT_NAME = "$(TARGET_NAME)";
				SWIFT_EMIT_LOC_STRINGS = NO;
				SWIFT_VERSION = 5.0;
				TARGETED_DEVICE_FAMILY = "1,2";
				TEST_HOST = "$(BUILT_PRODUCTS_DIR)/ToDoListAppTravis.app/$(BUNDLE_EXECUTABLE_FOLDER_PATH)/ToDoListAppTravis";
			};
			name = Debug;
		};
		6F6D29982C0DC19F00D1AF08 /* Release */ = {
			isa = XCBuildConfiguration;
			buildSettings = {
				ALWAYS_EMBED_SWIFT_STANDARD_LIBRARIES = YES;
				BUNDLE_LOADER = "$(TEST_HOST)";
				CODE_SIGN_STYLE = Automatic;
				CURRENT_PROJECT_VERSION = 1;
				DEVELOPMENT_TEAM = AGWB7KKVDY;
				GENERATE_INFOPLIST_FILE = YES;
				IPHONEOS_DEPLOYMENT_TARGET = 15.0;
				MARKETING_VERSION = 1.0;
				PRODUCT_BUNDLE_IDENTIFIER = "hofabi8-faho.ToDoListAppTravisTests";
				PRODUCT_NAME = "$(TARGET_NAME)";
				SWIFT_EMIT_LOC_STRINGS = NO;
				SWIFT_VERSION = 5.0;
				TARGETED_DEVICE_FAMILY = "1,2";
				TEST_HOST = "$(BUILT_PRODUCTS_DIR)/ToDoListAppTravis.app/$(BUNDLE_EXECUTABLE_FOLDER_PATH)/ToDoListAppTravis";
			};
			name = Release;
		};
		6F6D299A2C0DC19F00D1AF08 /* Debug */ = {
			isa = XCBuildConfiguration;
			buildSettings = {
				ALWAYS_EMBED_SWIFT_STANDARD_LIBRARIES = YES;
				CODE_SIGN_STYLE = Automatic;
				CURRENT_PROJECT_VERSION = 1;
				DEVELOPMENT_TEAM = AGWB7KKVDY;
				GENERATE_INFOPLIST_FILE = YES;
				IPHONEOS_DEPLOYMENT_TARGET = 15.0;
				MARKETING_VERSION = 1.0;
				PRODUCT_BUNDLE_IDENTIFIER = "hofabi8-faho.ToDoListAppTravisUITests";
				PRODUCT_NAME = "$(TARGET_NAME)";
				SWIFT_EMIT_LOC_STRINGS = NO;
				SWIFT_VERSION = 5.0;
				TARGETED_DEVICE_FAMILY = "1,2";
				TEST_TARGET_NAME = ToDoListAppTravis;
			};
			name = Debug;
		};
		6F6D299B2C0DC19F00D1AF08 /* Release */ = {
			isa = XCBuildConfiguration;
			buildSettings = {
				ALWAYS_EMBED_SWIFT_STANDARD_LIBRARIES = YES;
				CODE_SIGN_STYLE = Automatic;
				CURRENT_PROJECT_VERSION = 1;
				DEVELOPMENT_TEAM = AGWB7KKVDY;
				GENERATE_INFOPLIST_FILE = YES;
				IPHONEOS_DEPLOYMENT_TARGET = 15.0;
				MARKETING_VERSION = 1.0;
				PRODUCT_BUNDLE_IDENTIFIER = "hofabi8-faho.ToDoListAppTravisUITests";
				PRODUCT_NAME = "$(TARGET_NAME)";
				SWIFT_EMIT_LOC_STRINGS = NO;
				SWIFT_VERSION = 5.0;
				TARGETED_DEVICE_FAMILY = "1,2";
				TEST_TARGET_NAME = ToDoListAppTravis;
			};
			name = Release;
		};
/* End XCBuildConfiguration section */

/* Begin XCConfigurationList section */
		6F6D296A2C0DC19800D1AF08 /* Build configuration list for PBXProject "ToDoListAppTravis" */ = {
			isa = XCConfigurationList;
			buildConfigurations = (
				6F6D29912C0DC19F00D1AF08 /* Debug */,
				6F6D29922C0DC19F00D1AF08 /* Release */,
			);
			defaultConfigurationIsVisible = 0;
			defaultConfigurationName = Release;
		};
		6F6D29932C0DC19F00D1AF08 /* Build configuration list for PBXNativeTarget "ToDoListAppTravis" */ = {
			isa = XCConfigurationList;
			buildConfigurations = (
				6F6D29942C0DC19F00D1AF08 /* Debug */,
				6F6D29952C0DC19F00D1AF08 /* Release */,
			);
			defaultConfigurationIsVisible = 0;
			defaultConfigurationName = Release;
		};
		6F6D29962C0DC19F00D1AF08 /* Build configuration list for PBXNativeTarget "ToDoListAppTravisTests" */ = {
			isa = XCConfigurationList;
			buildConfigurations = (
				6F6D29972C0DC19F00D1AF08 /* Debug */,
				6F6D29982C0DC19F00D1AF08 /* Release */,
			);
			defaultConfigurationIsVisible = 0;
			defaultConfigurationName = Release;
		};
		6F6D29992C0DC19F00D1AF08 /* Build configuration list for PBXNativeTarget "ToDoListAppTravisUITests" */ = {
			isa = XCConfigurationList;
			buildConfigurations = (
				6F6D299A2C0DC19F00D1AF08 /* Debug */,
				6F6D299B2C0DC19F00D1AF08 /* Release */,
			);
			defaultConfigurationIsVisible = 0;
			defaultConfigurationName = Release;
		};
/* End XCConfigurationList section */
	};
	rootObject = 6F6D29672C0DC19800D1AF08 /* Project object */;
}
